{
  "lib/forge-std": {
    "rev": "77041d2ce690e692d6e03cc812b57d1ddaa4d505"
  },
  "lib/metamorpho": {
    "rev": "00da9ad27da8051bce663eeac02f3b9c0c0aa8d8"
  },
  "lib/metamorpho-v1.1": {
    "rev": "2d160ba9bb945ca3bf12efb182427445dce59c27"
  },
  "lib/morpho-blue": {
    "tag": {
      "name": "v1.0.0",
      "rev": "55d2d99304fb3fb930c688462ae2ccabb1d533ad"
    }
  },
  "lib/morpho-blue-irm": {
    "rev": "4076eacded6fd8babf498316ee5beeec3eb6deff"
  },
  "lib/openzeppelin-contracts": {
    "rev": "b72e3da0ec1f47e4a7911a4c06dc92e78c646607"
  }
}